
Microsoft Visual Studio Solution File, Format Version 11.00
# Visual Studio 2010
Project("{FAE04EC0-301F-11D3-BF4B-00C04F79EFBC}") = "CodeLab1_Wk5HW", "Assembly-CSharp.csproj", "{DB3A53DD-9462-007E-4A38-F17EF854D8AF}"
EndProject
Global
	GlobalSection(SolutionConfigurationPlatforms) = preSolution
		Debug|Any CPU = Debug|Any CPU
		Release|Any CPU = Release|Any CPU
	EndGlobalSection
	GlobalSection(ProjectConfigurationPlatforms) = postSolution
		{DB3A53DD-9462-007E-4A38-F17EF854D8AF}.Debug|Any CPU.ActiveCfg = Debug|Any CPU
		{DB3A53DD-9462-007E-4A38-F17EF854D8AF}.Debug|Any CPU.Build.0 = Debug|Any CPU
		{DB3A53DD-9462-007E-4A38-F17EF854D8AF}.Release|Any CPU.ActiveCfg = Release|Any CPU
		{DB3A53DD-9462-007E-4A38-F17EF854D8AF}.Release|Any CPU.Build.0 = Release|Any CPU
	EndGlobalSection
	GlobalSection(SolutionProperties) = preSolution
		HideSolutionNode = FALSE
	EndGlobalSection
	GlobalSection(MonoDevelopProperties) = preSolution
		StartupItem = Assembly-CSharp.csproj
	EndGlobalSection
EndGlobal
